
Microsoft Visual Studio Solution File, Format Version 12.00
# Visual Studio 14
VisualStudioVersion = 14.0.24720.0
MinimumVisualStudioVersion = 10.0.40219.1
Project("{2150E333-8FDC-42A3-9474-1A3956D46DE8}") = "src", "src", "{8D7DD16C-B7E0-4C54-9921-79501ED769A2}"
EndProject
Project("{2150E333-8FDC-42A3-9474-1A3956D46DE8}") = "Solution Items", "Solution Items", "{ACFB01C1-29A2-4805-AE8D-BBE48D0BD542}"
	ProjectSection(SolutionItems) = preProject
		global.json = global.json
	EndProjectSection
EndProject
Project("{8BB2217D-0F2D-49D1-97BC-3654ED321F3B}") = "TylerSteiner", "src\TylerSteiner\TylerSteiner.xproj", "{36980FB6-B4F7-4225-8571-734CAF42666E}"
EndProject
Global
	GlobalSection(SolutionConfigurationPlatforms) = preSolution
		Debug|Any CPU = Debug|Any CPU
		Release|Any CPU = Release|Any CPU
	EndGlobalSection
	GlobalSection(ProjectConfigurationPlatforms) = postSolution
		{36980FB6-B4F7-4225-8571-734CAF42666E}.Debug|Any CPU.ActiveCfg = Debug|Any CPU
		{36980FB6-B4F7-4225-8571-734CAF42666E}.Debug|Any CPU.Build.0 = Debug|Any CPU
		{36980FB6-B4F7-4225-8571-734CAF42666E}.Release|Any CPU.ActiveCfg = Release|Any CPU
		{36980FB6-B4F7-4225-8571-734CAF42666E}.Release|Any CPU.Build.0 = Release|Any CPU
	EndGlobalSection
	GlobalSection(SolutionProperties) = preSolution
		HideSolutionNode = FALSE
	EndGlobalSection
	GlobalSection(NestedProjects) = preSolution
		{36980FB6-B4F7-4225-8571-734CAF42666E} = {8D7DD16C-B7E0-4C54-9921-79501ED769A2}
	EndGlobalSection
EndGlobal
