
Microsoft Visual Studio Solution File, Format Version 12.00
# Visual Studio 14
VisualStudioVersion = 14.0.24720.0
MinimumVisualStudioVersion = 10.0.40219.1
Project("{2150E333-8FDC-42A3-9474-1A3956D46DE8}") = "src", "src", "{8D7DD16C-B7E0-4C54-9921-79501ED769A2}"
EndProject
Project("{2150E333-8FDC-42A3-9474-1A3956D46DE8}") = "Solution Items", "Solution Items", "{ACFB01C1-29A2-4805-AE8D-BBE48D0BD542}"
	ProjectSection(SolutionItems) = preProject
		global.json = global.json
	EndProjectSection
EndProject
Project("{8BB2217D-0F2D-49D1-97BC-3654ED321F3B}") = "TylerSteiner.Web", "src\TylerSteiner.Web\TylerSteiner.Web.xproj", "{36980FB6-B4F7-4225-8571-734CAF42666E}"
EndProject
Project("{8BB2217D-0F2D-49D1-97BC-3654ED321F3B}") = "TylerSteiner.Models", "src\TylerSteiner.Models\TylerSteiner.Models.xproj", "{31706AA1-297A-4DC0-8326-E91A4D5F9FC8}"
EndProject
Project("{8BB2217D-0F2D-49D1-97BC-3654ED321F3B}") = "TylerSteiner.Services", "src\TylerSteiner.Services\TylerSteiner.Services.xproj", "{39C52AC3-A283-4603-93C6-703D6E40D0B5}"
EndProject
Project("{8BB2217D-0F2D-49D1-97BC-3654ED321F3B}") = "TylerSteiner.Core", "src\TylerSteiner.Core\TylerSteiner.Core.xproj", "{921CBD7A-B110-404D-9464-69AD17349E4F}"
EndProject
Project("{8BB2217D-0F2D-49D1-97BC-3654ED321F3B}") = "TylerSteiner.Cli", "src\TylerSteiner.Cli\TylerSteiner.Cli.xproj", "{ADE7B46D-CCE2-477A-A61A-6A11014EAE82}"
EndProject
Global
	GlobalSection(SolutionConfigurationPlatforms) = preSolution
		Debug|Any CPU = Debug|Any CPU
		Release|Any CPU = Release|Any CPU
	EndGlobalSection
	GlobalSection(ProjectConfigurationPlatforms) = postSolution
		{36980FB6-B4F7-4225-8571-734CAF42666E}.Debug|Any CPU.ActiveCfg = Debug|Any CPU
		{36980FB6-B4F7-4225-8571-734CAF42666E}.Debug|Any CPU.Build.0 = Debug|Any CPU
		{36980FB6-B4F7-4225-8571-734CAF42666E}.Release|Any CPU.ActiveCfg = Release|Any CPU
		{36980FB6-B4F7-4225-8571-734CAF42666E}.Release|Any CPU.Build.0 = Release|Any CPU
		{31706AA1-297A-4DC0-8326-E91A4D5F9FC8}.Debug|Any CPU.ActiveCfg = Debug|Any CPU
		{31706AA1-297A-4DC0-8326-E91A4D5F9FC8}.Debug|Any CPU.Build.0 = Debug|Any CPU
		{31706AA1-297A-4DC0-8326-E91A4D5F9FC8}.Release|Any CPU.ActiveCfg = Release|Any CPU
		{31706AA1-297A-4DC0-8326-E91A4D5F9FC8}.Release|Any CPU.Build.0 = Release|Any CPU
		{39C52AC3-A283-4603-93C6-703D6E40D0B5}.Debug|Any CPU.ActiveCfg = Debug|Any CPU
		{39C52AC3-A283-4603-93C6-703D6E40D0B5}.Debug|Any CPU.Build.0 = Debug|Any CPU
		{39C52AC3-A283-4603-93C6-703D6E40D0B5}.Release|Any CPU.ActiveCfg = Release|Any CPU
		{39C52AC3-A283-4603-93C6-703D6E40D0B5}.Release|Any CPU.Build.0 = Release|Any CPU
		{921CBD7A-B110-404D-9464-69AD17349E4F}.Debug|Any CPU.ActiveCfg = Debug|Any CPU
		{921CBD7A-B110-404D-9464-69AD17349E4F}.Debug|Any CPU.Build.0 = Debug|Any CPU
		{921CBD7A-B110-404D-9464-69AD17349E4F}.Release|Any CPU.ActiveCfg = Release|Any CPU
		{921CBD7A-B110-404D-9464-69AD17349E4F}.Release|Any CPU.Build.0 = Release|Any CPU
		{ADE7B46D-CCE2-477A-A61A-6A11014EAE82}.Debug|Any CPU.ActiveCfg = Debug|Any CPU
		{ADE7B46D-CCE2-477A-A61A-6A11014EAE82}.Debug|Any CPU.Build.0 = Debug|Any CPU
		{ADE7B46D-CCE2-477A-A61A-6A11014EAE82}.Release|Any CPU.ActiveCfg = Release|Any CPU
		{ADE7B46D-CCE2-477A-A61A-6A11014EAE82}.Release|Any CPU.Build.0 = Release|Any CPU
	EndGlobalSection
	GlobalSection(SolutionProperties) = preSolution
		HideSolutionNode = FALSE
	EndGlobalSection
	GlobalSection(NestedProjects) = preSolution
		{36980FB6-B4F7-4225-8571-734CAF42666E} = {8D7DD16C-B7E0-4C54-9921-79501ED769A2}
		{31706AA1-297A-4DC0-8326-E91A4D5F9FC8} = {8D7DD16C-B7E0-4C54-9921-79501ED769A2}
		{39C52AC3-A283-4603-93C6-703D6E40D0B5} = {8D7DD16C-B7E0-4C54-9921-79501ED769A2}
		{921CBD7A-B110-404D-9464-69AD17349E4F} = {8D7DD16C-B7E0-4C54-9921-79501ED769A2}
		{ADE7B46D-CCE2-477A-A61A-6A11014EAE82} = {8D7DD16C-B7E0-4C54-9921-79501ED769A2}
	EndGlobalSection
EndGlobal
